
Microsoft Visual Studio Solution File, Format Version 12.00
# Visual Studio Version 17
VisualStudioVersion = 17.3.32819.101
MinimumVisualStudioVersion = 10.0.40219.1
Project("{FAE04EC0-301F-11D3-BF4B-00C04F79EFBC}") = "DisplacementReport", "DisplacementReport.csproj", "{DD956C7B-BA63-46EC-AC97-66B65C0DF7CC}"
EndProject
Global
	GlobalSection(SolutionConfigurationPlatforms) = preSolution
		Debug|Any CPU = Debug|Any CPU
		Release|Any CPU = Release|Any CPU
	EndGlobalSection
	GlobalSection(ProjectConfigurationPlatforms) = postSolution
		{DD956C7B-BA63-46EC-AC97-66B65C0DF7CC}.Debug|Any CPU.ActiveCfg = Debug|Any CPU
		{DD956C7B-BA63-46EC-AC97-66B65C0DF7CC}.Debug|Any CPU.Build.0 = Debug|Any CPU
		{DD956C7B-BA63-46EC-AC97-66B65C0DF7CC}.Release|Any CPU.ActiveCfg = Release|Any CPU
		{DD956C7B-BA63-46EC-AC97-66B65C0DF7CC}.Release|Any CPU.Build.0 = Release|Any CPU
	EndGlobalSection
	GlobalSection(SolutionProperties) = preSolution
		HideSolutionNode = FALSE
	EndGlobalSection
	GlobalSection(ExtensibilityGlobals) = postSolution
		SolutionGuid = {DAE4F211-917F-4C7F-936D-0721A476052D}
	EndGlobalSection
EndGlobal
